
Microsoft Visual Studio Solution File, Format Version 12.00
# Visual Studio Version 16
VisualStudioVersion = 16.0.30621.155
MinimumVisualStudioVersion = 10.0.40219.1
Project("{FAE04EC0-301F-11D3-BF4B-00C04F79EFBC}") = "agenda", "agenda\agenda.csproj", "{EFB7FAC3-BF81-49F3-8162-66813C74094C}"
EndProject
Global
	GlobalSection(SolutionConfigurationPlatforms) = preSolution
		Debug|Any CPU = Debug|Any CPU
		Release|Any CPU = Release|Any CPU
	EndGlobalSection
	GlobalSection(ProjectConfigurationPlatforms) = postSolution
		{EFB7FAC3-BF81-49F3-8162-66813C74094C}.Debug|Any CPU.ActiveCfg = Debug|Any CPU
		{EFB7FAC3-BF81-49F3-8162-66813C74094C}.Debug|Any CPU.Build.0 = Debug|Any CPU
		{EFB7FAC3-BF81-49F3-8162-66813C74094C}.Release|Any CPU.ActiveCfg = Release|Any CPU
		{EFB7FAC3-BF81-49F3-8162-66813C74094C}.Release|Any CPU.Build.0 = Release|Any CPU
	EndGlobalSection
	GlobalSection(SolutionProperties) = preSolution
		HideSolutionNode = FALSE
	EndGlobalSection
	GlobalSection(ExtensibilityGlobals) = postSolution
		SolutionGuid = {E066E288-AEF7-4363-83C2-2B671D81DA0A}
	EndGlobalSection
EndGlobal
